{
    "hash": "047ca9848f10d6947541d5d3ff1de2f8",
    "packages": [
        {
            "name": "pear-pear.apache.org/log4php/Apache_log4php",
            "version": "2.2.1",
            "dist": {
                "type": "file",
                "url": "http://pear.apache.org/log4php/get/Apache_log4php-2.2.1.tgz",
                "reference": null,
                "shasum": null
            },
            "require": {
                "php": ">=5.2.0.0"
            },
            "replace": {
                "pear-log4php/apache_log4php": "== 2.2.1.0"
            },
            "type": "pear-library",
            "installation-source": "dist",
            "autoload": {
                "classmap": [
                    ""
                ]
            },
            "include-path": [
                "/"
            ],
            "description": "Apache log4php is a versatile logging framework for PHP at the Apache Software Foundation (ASF)."
        }
    ],
    "packages-dev": null,
    "aliases": [

    ],
    "minimum-stability": "stable",
    "stability-flags": [

    ]
}
